
Microsoft Visual Studio Solution File, Format Version 12.00
# Visual Studio Version 16
VisualStudioVersion = 16.0.31019.35
MinimumVisualStudioVersion = 10.0.40219.1
Project("{FAE04EC0-301F-11D3-BF4B-00C04F79EFBC}") = "Agent_VacCenter_GUI", "Agent_VacCenter_GUI\Agent_VacCenter_GUI.csproj", "{82E21D67-EF12-4AEF-AB8E-0C53DAEA3B6B}"
EndProject
Global
	GlobalSection(SolutionConfigurationPlatforms) = preSolution
		Debug|Any CPU = Debug|Any CPU
		Release|Any CPU = Release|Any CPU
	EndGlobalSection
	GlobalSection(ProjectConfigurationPlatforms) = postSolution
		{82E21D67-EF12-4AEF-AB8E-0C53DAEA3B6B}.Debug|Any CPU.ActiveCfg = Debug|Any CPU
		{82E21D67-EF12-4AEF-AB8E-0C53DAEA3B6B}.Debug|Any CPU.Build.0 = Debug|Any CPU
		{82E21D67-EF12-4AEF-AB8E-0C53DAEA3B6B}.Release|Any CPU.ActiveCfg = Release|Any CPU
		{82E21D67-EF12-4AEF-AB8E-0C53DAEA3B6B}.Release|Any CPU.Build.0 = Release|Any CPU
	EndGlobalSection
	GlobalSection(SolutionProperties) = preSolution
		HideSolutionNode = FALSE
	EndGlobalSection
	GlobalSection(ExtensibilityGlobals) = postSolution
		SolutionGuid = {13ABAA50-FBA8-4F1E-99A2-8210C7622561}
	EndGlobalSection
EndGlobal
